
Microsoft Visual Studio Solution File, Format Version 12.00
# Visual Studio Version 17
VisualStudioVersion = 17.1.32421.90
MinimumVisualStudioVersion = 10.0.40219.1
Project("{9A19103F-16F7-4668-BE54-9A1E7A4F7556}") = "VertSliceOra5", "VertSliceOra5.csproj", "{4969BACF-AF94-4C1B-B2D2-43BD76E05632}"
EndProject
Project("{9A19103F-16F7-4668-BE54-9A1E7A4F7556}") = "VertSliceOra5.Test", "..\VertSliceOra5.Test\VertSliceOra5.Test.csproj", "{F1CA1506-75DC-45C2-9B7D-91A8DC862DBB}"
EndProject
Project("{FAE04EC0-301F-11D3-BF4B-00C04F79EFBC}") = "BenchMarkLogic", "..\BenchMarkLogic\BenchMarkLogic.csproj", "{8B6CA735-D809-4C6B-80D7-28FD510B483B}"
EndProject
Global
	GlobalSection(SolutionConfigurationPlatforms) = preSolution
		Debug|Any CPU = Debug|Any CPU
		Release|Any CPU = Release|Any CPU
	EndGlobalSection
	GlobalSection(ProjectConfigurationPlatforms) = postSolution
		{4969BACF-AF94-4C1B-B2D2-43BD76E05632}.Debug|Any CPU.ActiveCfg = Debug|Any CPU
		{4969BACF-AF94-4C1B-B2D2-43BD76E05632}.Debug|Any CPU.Build.0 = Debug|Any CPU
		{4969BACF-AF94-4C1B-B2D2-43BD76E05632}.Release|Any CPU.ActiveCfg = Release|Any CPU
		{4969BACF-AF94-4C1B-B2D2-43BD76E05632}.Release|Any CPU.Build.0 = Release|Any CPU
		{F1CA1506-75DC-45C2-9B7D-91A8DC862DBB}.Debug|Any CPU.ActiveCfg = Debug|Any CPU
		{F1CA1506-75DC-45C2-9B7D-91A8DC862DBB}.Debug|Any CPU.Build.0 = Debug|Any CPU
		{F1CA1506-75DC-45C2-9B7D-91A8DC862DBB}.Release|Any CPU.ActiveCfg = Release|Any CPU
		{F1CA1506-75DC-45C2-9B7D-91A8DC862DBB}.Release|Any CPU.Build.0 = Release|Any CPU
		{8B6CA735-D809-4C6B-80D7-28FD510B483B}.Debug|Any CPU.ActiveCfg = Debug|Any CPU
		{8B6CA735-D809-4C6B-80D7-28FD510B483B}.Debug|Any CPU.Build.0 = Debug|Any CPU
		{8B6CA735-D809-4C6B-80D7-28FD510B483B}.Release|Any CPU.ActiveCfg = Release|Any CPU
		{8B6CA735-D809-4C6B-80D7-28FD510B483B}.Release|Any CPU.Build.0 = Release|Any CPU
	EndGlobalSection
	GlobalSection(SolutionProperties) = preSolution
		HideSolutionNode = FALSE
	EndGlobalSection
	GlobalSection(ExtensibilityGlobals) = postSolution
		SolutionGuid = {3A6197AE-B99B-4F86-AC81-B7116A59BE2F}
	EndGlobalSection
EndGlobal
